# This file was autogenerated by Stack.
# You should not edit this file by hand.
# For more information, please see the documentation at:
#   https://docs.haskellstack.org/en/stable/lock_files

packages:
- completed:
    hackage: astar-0.3.0.0@sha256:8bf6350542e9db9451490e8993560ee843dc48a61d46a206985430f9b62461c8,967
    pantry-tree:
      sha256: c4176cc3fc9ad39f2a9fc7eb4346c87b6e60b70ba23d8e2adbdfc81fe544b808
      size: 213
  original:
    hackage: astar-0.3.0.0
- completed:
    hackage: delay-0@sha256:7fab2998bbf13bb09a2c0d9719e63417aa61b8a70706f2bc3de4478821485331,1466
    pantry-tree:
      sha256: 14b6dfd690427d70a1e70f8695b3a712c19bea7ed60e6624a3df51123920b6bd
      size: 264
  original:
    hackage: delay-0
snapshots:
- completed:
    sha256: e66e70a7f998036025e8f40abc89b8eeb79c88f57727020cba1b54f375aa7ca0
    size: 586292
    url: https://raw.githubusercontent.com/commercialhaskell/stackage-snapshots/master/lts/18/17.yaml
  original:
    url: https://raw.githubusercontent.com/commercialhaskell/stackage-snapshots/master/lts/18/17.yaml
